
Microsoft Visual Studio Solution File, Format Version 12.00
# Visual Studio Version 17
VisualStudioVersion = 17.4.33205.214
MinimumVisualStudioVersion = 10.0.40219.1
Project("{9A19103F-16F7-4668-BE54-9A1E7A4F7556}") = "AppLearn", "AppLearn\AppLearn.csproj", "{6FA5444D-5D30-4A42-B100-4A7CB0BCABE9}"
EndProject
Global
	GlobalSection(SolutionConfigurationPlatforms) = preSolution
		Debug|Any CPU = Debug|Any CPU
		Release|Any CPU = Release|Any CPU
	EndGlobalSection
	GlobalSection(ProjectConfigurationPlatforms) = postSolution
		{6FA5444D-5D30-4A42-B100-4A7CB0BCABE9}.Debug|Any CPU.ActiveCfg = Debug|Any CPU
		{6FA5444D-5D30-4A42-B100-4A7CB0BCABE9}.Debug|Any CPU.Build.0 = Debug|Any CPU
		{6FA5444D-5D30-4A42-B100-4A7CB0BCABE9}.Release|Any CPU.ActiveCfg = Release|Any CPU
		{6FA5444D-5D30-4A42-B100-4A7CB0BCABE9}.Release|Any CPU.Build.0 = Release|Any CPU
	EndGlobalSection
	GlobalSection(SolutionProperties) = preSolution
		HideSolutionNode = FALSE
	EndGlobalSection
	GlobalSection(ExtensibilityGlobals) = postSolution
		SolutionGuid = {8C7FFC24-281B-4B21-8C4B-862CA632933D}
	EndGlobalSection
EndGlobal
